PODS:
  - Alamofire (5.4.0)
  - RxCocoa (5.1.1):
    - RxRelay (~> 5)
    - RxSwift (~> 5)
  - RxRelay (5.1.1):
    - RxSwift (~> 5)
  - RxSwift (5.1.1)
  - SwiftyBeaver (1.9.3)

DEPENDENCIES:
  - Alamofire (~> 5.2)
  - RxCocoa (~> 5)
  - RxSwift (~> 5)
  - SwiftyBeaver

SPEC REPOS:
  trunk:
    - Alamofire
    - RxCocoa
    - RxRelay
    - RxSwift
    - SwiftyBeaver

SPEC CHECKSUMS:
  Alamofire: 3b6a534a3df22db367e4dedeeca73d1ddfcf0e2f
  RxCocoa: 32065309a38d29b5b0db858819b5bf9ef038b601
  RxRelay: d77f7d771495f43c556cbc43eebd1bb54d01e8e9
  RxSwift: 81470a2074fa8780320ea5fe4102807cb7118178
  SwiftyBeaver: 2e8acd6fc90c6d0a27055867a290794926d57c02

PODFILE CHECKSUM: 8eeb73e864223c2d8e7069fa1f7f8cad56c8bf97

COCOAPODS: 1.9.3
